
Microsoft Visual Studio Solution File, Format Version 12.00
# Visual Studio 2013
VisualStudioVersion = 12.0.21005.1
MinimumVisualStudioVersion = 10.0.40219.1
Project("{FAE04EC0-301F-11D3-BF4B-00C04F79EFBC}") = "Stock Management", "Stock Management\Stock Management.csproj", "{AE9869D1-10CB-4C6B-AB45-CD15D987BB43}"
EndProject
Global
	GlobalSection(SolutionConfigurationPlatforms) = preSolution
		Debug|Any CPU = Debug|Any CPU
		Release|Any CPU = Release|Any CPU
	EndGlobalSection
	GlobalSection(ProjectConfigurationPlatforms) = postSolution
		{AE9869D1-10CB-4C6B-AB45-CD15D987BB43}.Debug|Any CPU.ActiveCfg = Debug|Any CPU
		{AE9869D1-10CB-4C6B-AB45-CD15D987BB43}.Debug|Any CPU.Build.0 = Debug|Any CPU
		{AE9869D1-10CB-4C6B-AB45-CD15D987BB43}.Release|Any CPU.ActiveCfg = Release|Any CPU
		{AE9869D1-10CB-4C6B-AB45-CD15D987BB43}.Release|Any CPU.Build.0 = Release|Any CPU
	EndGlobalSection
	GlobalSection(SolutionProperties) = preSolution
		HideSolutionNode = FALSE
	EndGlobalSection
EndGlobal
